{
  "name": "hrx-boilerplate",
  "version": "1.0.0",
  "lockfileVersion": 1,
  "requires": true,
  "dependencies": {
    "hrx": {
      "version": "0.4.0",
      "resolved": "https://registry.npmjs.org/hrx/-/hrx-0.4.0.tgz",
      "integrity": "sha512-cf3k1fmgp1ZMWXnut54Gtp/0DSYh9Cq+sW3cnEQyK1rd+f7tdv+YEXPnkYyvQdD5EbJJjfgdDm7aNNTE6Bcegg=="
    }
  }
}
